
Microsoft Visual Studio Solution File, Format Version 12.00
# Visual Studio 15
VisualStudioVersion = 15.0.26730.16
MinimumVisualStudioVersion = 10.0.40219.1
Project("{FAE04EC0-301F-11D3-BF4B-00C04F79EFBC}") = "ToDoApp", "ToDoApp.csproj", "{C09A7F78-D9E1-4136-87D9-80D919D1ECCD}"
EndProject
Global
	GlobalSection(SolutionConfigurationPlatforms) = preSolution
		Debug|Any CPU = Debug|Any CPU
		Release|Any CPU = Release|Any CPU
	EndGlobalSection
	GlobalSection(ProjectConfigurationPlatforms) = postSolution
		{C09A7F78-D9E1-4136-87D9-80D919D1ECCD}.Debug|Any CPU.ActiveCfg = Debug|Any CPU
		{C09A7F78-D9E1-4136-87D9-80D919D1ECCD}.Debug|Any CPU.Build.0 = Debug|Any CPU
		{C09A7F78-D9E1-4136-87D9-80D919D1ECCD}.Release|Any CPU.ActiveCfg = Release|Any CPU
		{C09A7F78-D9E1-4136-87D9-80D919D1ECCD}.Release|Any CPU.Build.0 = Release|Any CPU
	EndGlobalSection
	GlobalSection(SolutionProperties) = preSolution
		HideSolutionNode = FALSE
	EndGlobalSection
	GlobalSection(ExtensibilityGlobals) = postSolution
		SolutionGuid = {17781C90-2D83-450A-85A1-966D4AF2F6E3}
	EndGlobalSection
EndGlobal
